// !$*UTF8*$!
{
	archiveVersion = 1;
	classes = {
	};
	objectVersion = 50;
	objects = {

/* Begin PBXBuildFile section */
		A38AC3F645C2D424A8B0738A /* libPods-weibo.a in Frameworks */ = {isa = PBXBuildFile; fileRef = 7D3AE0978D29E3E03A251C3A /* libPods-weibo.a */; };
		E939EEC122A778A90086B052 /* VisitorView.swift in Sources */ = {isa = PBXBuildFile; fileRef = E939EEC022A778A90086B052 /* VisitorView.swift */; };
		E94CBBD12293A0A300AFF698 /* AppDelegate.swift in Sources */ = {isa = PBXBuildFile; fileRef = E94CBBD02293A0A300AFF698 /* AppDelegate.swift */; };
		E94CBBD82293A0A500AFF698 /* Assets.xcassets in Resources */ = {isa = PBXBuildFile; fileRef = E94CBBD72293A0A500AFF698 /* Assets.xcassets */; };
		E94CBBDB2293A0A500AFF698 /* LaunchScreen.storyboard in Resources */ = {isa = PBXBuildFile; fileRef = E94CBBD92293A0A500AFF698 /* LaunchScreen.storyboard */; };
		E94CBBE62293A0A600AFF698 /* weiboTests.swift in Sources */ = {isa = PBXBuildFile; fileRef = E94CBBE52293A0A600AFF698 /* weiboTests.swift */; };
		E94CBBF12293A0A600AFF698 /* weiboUITests.swift in Sources */ = {isa = PBXBuildFile; fileRef = E94CBBF02293A0A600AFF698 /* weiboUITests.swift */; };
		E94CBC062293AB9700AFF698 /* MainViewController.swift in Sources */ = {isa = PBXBuildFile; fileRef = E94CBC052293AB9700AFF698 /* MainViewController.swift */; };
		E94CBC082293AC8F00AFF698 /* HomeTableViewController.swift in Sources */ = {isa = PBXBuildFile; fileRef = E94CBC072293AC8F00AFF698 /* HomeTableViewController.swift */; };
		E94CBC0A2293ACDA00AFF698 /* DiscoverTableViewController.swift in Sources */ = {isa = PBXBuildFile; fileRef = E94CBC092293ACDA00AFF698 /* DiscoverTableViewController.swift */; };
		E94CBC0C2293AD1200AFF698 /* MessageTableViewController.swift in Sources */ = {isa = PBXBuildFile; fileRef = E94CBC0B2293AD1200AFF698 /* MessageTableViewController.swift */; };
		E94CBC102293AD2B00AFF698 /* ProfileTableViewController.swift in Sources */ = {isa = PBXBuildFile; fileRef = E94CBC0F2293AD2B00AFF698 /* ProfileTableViewController.swift */; };
		E94ED9BD2297D00E00BD5A9E /* MainVCSettings.json in Resources */ = {isa = PBXBuildFile; fileRef = E94ED9BB2297D00E00BD5A9E /* MainVCSettings.json */; };
		E94ED9BE2297D00E00BD5A9E /* NullViewController.swift in Sources */ = {isa = PBXBuildFile; fileRef = E94ED9BC2297D00E00BD5A9E /* NullViewController.swift */; };
		E94ED9C02297EF8600BD5A9E /* BaseTableViewController.swift in Sources */ = {isa = PBXBuildFile; fileRef = E94ED9BF2297EF8600BD5A9E /* BaseTableViewController.swift */; };
		E9BE8AF622AA565500E8983D /* UIBarButtonItem+category.swift in Sources */ = {isa = PBXBuildFile; fileRef = E9BE8AF522AA565500E8983D /* UIBarButtonItem+category.swift */; };
		E9BE8AF822AA5D9700E8983D /* TitleButton.swift in Sources */ = {isa = PBXBuildFile; fileRef = E9BE8AF722AA5D9700E8983D /* TitleButton.swift */; };
		E9F1A60D22AFCFB3001E19E8 /* PopoverViewController.storyboard in Resources */ = {isa = PBXBuildFile; fileRef = E9F1A60C22AFCFB3001E19E8 /* PopoverViewController.storyboard */; };
		E9F1A60F22AFDC6A001E19E8 /* PopoverPresentationController.swift in Sources */ = {isa = PBXBuildFile; fileRef = E9F1A60E22AFDC6A001E19E8 /* PopoverPresentationController.swift */; };
/* End PBXBuildFile section */

/* Begin PBXContainerItemProxy section */
		E94CBBE22293A0A600AFF698 /* PBXContainerItemProxy */ = {
			isa = PBXContainerItemProxy;
			containerPortal = E94CBBC52293A0A300AFF698 /* Project object */;
			proxyType = 1;
			remoteGlobalIDString = E94CBBCC2293A0A300AFF698;
			remoteInfo = weibo;
		};
		E94CBBED2293A0A600AFF698 /* PBXContainerItemProxy */ = {
			isa = PBXContainerItemProxy;
			containerPortal = E94CBBC52293A0A300AFF698 /* Project object */;
			proxyType = 1;
			remoteGlobalIDString = E94CBBCC2293A0A300AFF698;
			remoteInfo = weibo;
		};
/* End PBXContainerItemProxy section */

/* Begin PBXFileReference section */
		3EDFF794C8551B15F815E2B0 /* Pods-weibo.debug.xcconfig */ = {isa = PBXFileReference; includeInIndex = 1; lastKnownFileType = text.xcconfig; name = "Pods-weibo.debug.xcconfig"; path = "Pods/Target Support Files/Pods-weibo/Pods-weibo.debug.xcconfig"; sourceTree = "<group>"; };
		7D3AE0978D29E3E03A251C3A /* libPods-weibo.a */ = {isa = PBXFileReference; explicitFileType = archive.ar; includeInIndex = 0; path = "libPods-weibo.a"; sourceTree = BUILT_PRODUCTS_DIR; };
		D9AD9811361071BA717B35F3 /* Pods-weibo.release.xcconfig */ = {isa = PBXFileReference; includeInIndex = 1; lastKnownFileType = text.xcconfig; name = "Pods-weibo.release.xcconfig"; path = "Pods/Target Support Files/Pods-weibo/Pods-weibo.release.xcconfig"; sourceTree = "<group>"; };
		E939EEC022A778A90086B052 /* VisitorView.swift */ = {isa = PBXFileReference; lastKnownFileType = sourcecode.swift; path = VisitorView.swift; sourceTree = "<group>"; };
		E939EEC922A7B23F0086B052 /* PrefixHeader.pch */ = {isa = PBXFileReference; lastKnownFileType = sourcecode.c.h; path = PrefixHeader.pch; sourceTree = "<group>"; };
		E94CBBCD2293A0A300AFF698 /* weibo.app */ = {isa = PBXFileReference; explicitFileType = wrapper.application; includeInIndex = 0; path = weibo.app; sourceTree = BUILT_PRODUCTS_DIR; };
		E94CBBD02293A0A300AFF698 /* AppDelegate.swift */ = {isa = PBXFileReference; lastKnownFileType = sourcecode.swift; path = AppDelegate.swift; sourceTree = "<group>"; };
		E94CBBD72293A0A500AFF698 /* Assets.xcassets */ = {isa = PBXFileReference; lastKnownFileType = folder.assetcatalog; path = Assets.xcassets; sourceTree = "<group>"; };
		E94CBBDA2293A0A500AFF698 /* Base */ = {isa = PBXFileReference; lastKnownFileType = file.storyboard; name = Base; path = Base.lproj/LaunchScreen.storyboard; sourceTree = "<group>"; };
		E94CBBDC2293A0A500AFF698 /* Info.plist */ = {isa = PBXFileReference; lastKnownFileType = text.plist.xml; path = Info.plist; sourceTree = "<group>"; };
		E94CBBE12293A0A600AFF698 /* weiboTests.xctest */ = {isa = PBXFileReference; explicitFileType = wrapper.cfbundle; includeInIndex = 0; path = weiboTests.xctest; sourceTree = BUILT_PRODUCTS_DIR; };
		E94CBBE52293A0A600AFF698 /* weiboTests.swift */ = {isa = PBXFileReference; lastKnownFileType = sourcecode.swift; path = weiboTests.swift; sourceTree = "<group>"; };
		E94CBBE72293A0A600AFF698 /* Info.plist */ = {isa = PBXFileReference; lastKnownFileType = text.plist.xml; path = Info.plist; sourceTree = "<group>"; };
		E94CBBEC2293A0A600AFF698 /* weiboUITests.xctest */ = {isa = PBXFileReference; explicitFileType = wrapper.cfbundle; includeInIndex = 0; path = weiboUITests.xctest; sourceTree = BUILT_PRODUCTS_DIR; };
		E94CBBF02293A0A600AFF698 /* weiboUITests.swift */ = {isa = PBXFileReference; lastKnownFileType = sourcecode.swift; path = weiboUITests.swift; sourceTree = "<group>"; };
		E94CBBF22293A0A600AFF698 /* Info.plist */ = {isa = PBXFileReference; lastKnownFileType = text.plist.xml; path = Info.plist; sourceTree = "<group>"; };
		E94CBC052293AB9700AFF698 /* MainViewController.swift */ = {isa = PBXFileReference; lastKnownFileType = sourcecode.swift; path = MainViewController.swift; sourceTree = "<group>"; };
		E94CBC072293AC8F00AFF698 /* HomeTableViewController.swift */ = {isa = PBXFileReference; lastKnownFileType = sourcecode.swift; path = HomeTableViewController.swift; sourceTree = "<group>"; };
		E94CBC092293ACDA00AFF698 /* DiscoverTableViewController.swift */ = {isa = PBXFileReference; lastKnownFileType = sourcecode.swift; path = DiscoverTableViewController.swift; sourceTree = "<group>"; };
		E94CBC0B2293AD1200AFF698 /* MessageTableViewController.swift */ = {isa = PBXFileReference; lastKnownFileType = sourcecode.swift; path = MessageTableViewController.swift; sourceTree = "<group>"; };
		E94CBC0F2293AD2B00AFF698 /* ProfileTableViewController.swift */ = {isa = PBXFileReference; lastKnownFileType = sourcecode.swift; path = ProfileTableViewController.swift; sourceTree = "<group>"; };
		E94ED9BB2297D00E00BD5A9E /* MainVCSettings.json */ = {isa = PBXFileReference; fileEncoding = 4; lastKnownFileType = text.json; path = MainVCSettings.json; sourceTree = "<group>"; };
		E94ED9BC2297D00E00BD5A9E /* NullViewController.swift */ = {isa = PBXFileReference; fileEncoding = 4; lastKnownFileType = sourcecode.swift; path = NullViewController.swift; sourceTree = "<group>"; };
		E94ED9BF2297EF8600BD5A9E /* BaseTableViewController.swift */ = {isa = PBXFileReference; lastKnownFileType = sourcecode.swift; path = BaseTableViewController.swift; sourceTree = "<group>"; };
		E9BE8AF522AA565500E8983D /* UIBarButtonItem+category.swift */ = {isa = PBXFileReference; lastKnownFileType = sourcecode.swift; path = "UIBarButtonItem+category.swift"; sourceTree = "<group>"; };
		E9BE8AF722AA5D9700E8983D /* TitleButton.swift */ = {isa = PBXFileReference; lastKnownFileType = sourcecode.swift; path = TitleButton.swift; sourceTree = "<group>"; };
		E9F1A60C22AFCFB3001E19E8 /* PopoverViewController.storyboard */ = {isa = PBXFileReference; lastKnownFileType = file.storyboard; path = PopoverViewController.storyboard; sourceTree = "<group>"; };
		E9F1A60E22AFDC6A001E19E8 /* PopoverPresentationController.swift */ = {isa = PBXFileReference; lastKnownFileType = sourcecode.swift; path = PopoverPresentationController.swift; sourceTree = "<group>"; };
/* End PBXFileReference section */

/* Begin PBXFrameworksBuildPhase section */
		E94CBBCA2293A0A300AFF698 /* Frameworks */ = {
			isa = PBXFrameworksBuildPhase;
			buildActionMask = 2147483647;
			files = (
				A38AC3F645C2D424A8B0738A /* libPods-weibo.a in Frameworks */,
			);
			runOnlyForDeploymentPostprocessing = 0;
		};
		E94CBBDE2293A0A600AFF698 /* Frameworks */ = {
			isa = PBXFrameworksBuildPhase;
			buildActionMask = 2147483647;
			files = (
			);
			runOnlyForDeploymentPostprocessing = 0;
		};
		E94CBBE92293A0A600AFF698 /* Frameworks */ = {
			isa = PBXFrameworksBuildPhase;
			buildActionMask = 2147483647;
			files = (
			);
			runOnlyForDeploymentPostprocessing = 0;
		};
/* End PBXFrameworksBuildPhase section */

/* Begin PBXGroup section */
		52B48962579389282A5043E8 /* Pods */ = {
			isa = PBXGroup;
			children = (
				3EDFF794C8551B15F815E2B0 /* Pods-weibo.debug.xcconfig */,
				D9AD9811361071BA717B35F3 /* Pods-weibo.release.xcconfig */,
			);
			name = Pods;
			sourceTree = "<group>";
		};
		C0DE27120FA1CA4428358C08 /* Frameworks */ = {
			isa = PBXGroup;
			children = (
				7D3AE0978D29E3E03A251C3A /* libPods-weibo.a */,
			);
			name = Frameworks;
			sourceTree = "<group>";
		};
		E939EEC222A79C570086B052 /* Tools */ = {
			isa = PBXGroup;
			children = (
			);
			name = Tools;
			path = weibo/Classes/Tools;
			sourceTree = SOURCE_ROOT;
		};
		E94CBBC42293A0A300AFF698 = {
			isa = PBXGroup;
			children = (
				E94CBBCF2293A0A300AFF698 /* weibo */,
				E94CBBE42293A0A600AFF698 /* weiboTests */,
				E94CBBEF2293A0A600AFF698 /* weiboUITests */,
				E94CBBCE2293A0A300AFF698 /* Products */,
				52B48962579389282A5043E8 /* Pods */,
				C0DE27120FA1CA4428358C08 /* Frameworks */,
			);
			sourceTree = "<group>";
		};
		E94CBBCE2293A0A300AFF698 /* Products */ = {
			isa = PBXGroup;
			children = (
				E94CBBCD2293A0A300AFF698 /* weibo.app */,
				E94CBBE12293A0A600AFF698 /* weiboTests.xctest */,
				E94CBBEC2293A0A600AFF698 /* weiboUITests.xctest */,
			);
			name = Products;
			sourceTree = "<group>";
		};
		E94CBBCF2293A0A300AFF698 /* weibo */ = {
			isa = PBXGroup;
			children = (
				E94CBBD02293A0A300AFF698 /* AppDelegate.swift */,
				E94CBBFE2293AB7700AFF698 /* Classes */,
				E94CBBD72293A0A500AFF698 /* Assets.xcassets */,
				E94CBBD92293A0A500AFF698 /* LaunchScreen.storyboard */,
				E94CBBDC2293A0A500AFF698 /* Info.plist */,
				E939EEC922A7B23F0086B052 /* PrefixHeader.pch */,
			);
			path = weibo;
			sourceTree = "<group>";
		};
		E94CBBE42293A0A600AFF698 /* weiboTests */ = {
			isa = PBXGroup;
			children = (
				E94CBBE52293A0A600AFF698 /* weiboTests.swift */,
				E94CBBE72293A0A600AFF698 /* Info.plist */,
			);
			path = weiboTests;
			sourceTree = "<group>";
		};
		E94CBBEF2293A0A600AFF698 /* weiboUITests */ = {
			isa = PBXGroup;
			children = (
				E94CBBF02293A0A600AFF698 /* weiboUITests.swift */,
				E94CBBF22293A0A600AFF698 /* Info.plist */,
			);
			path = weiboUITests;
			sourceTree = "<group>";
		};
		E94CBBFE2293AB7700AFF698 /* Classes */ = {
			isa = PBXGroup;
			children = (
				E94CBC022293AB7700AFF698 /* Common */,
				E94CBBFF2293AB7700AFF698 /* Home */,
				E94CBC002293AB7700AFF698 /* Discover */,
				E94CBC012293AB7700AFF698 /* Message */,
				E94CBC032293AB7700AFF698 /* Profile */,
				E94CBC042293AB7700AFF698 /* Main */,
				E939EEC222A79C570086B052 /* Tools */,
			);
			path = Classes;
			sourceTree = "<group>";
		};
		E94CBBFF2293AB7700AFF698 /* Home */ = {
			isa = PBXGroup;
			children = (
				E9F1A60B22AFCF8D001E19E8 /* Popover */,
				E94CBC072293AC8F00AFF698 /* HomeTableViewController.swift */,
			);
			path = Home;
			sourceTree = "<group>";
		};
		E94CBC002293AB7700AFF698 /* Discover */ = {
			isa = PBXGroup;
			children = (
				E94CBC092293ACDA00AFF698 /* DiscoverTableViewController.swift */,
			);
			path = Discover;
			sourceTree = "<group>";
		};
		E94CBC012293AB7700AFF698 /* Message */ = {
			isa = PBXGroup;
			children = (
				E94CBC0B2293AD1200AFF698 /* MessageTableViewController.swift */,
			);
			path = Message;
			sourceTree = "<group>";
		};
		E94CBC022293AB7700AFF698 /* Common */ = {
			isa = PBXGroup;
			children = (
				E9BE8AF522AA565500E8983D /* UIBarButtonItem+category.swift */,
				E9BE8AF722AA5D9700E8983D /* TitleButton.swift */,
			);
			path = Common;
			sourceTree = "<group>";
		};
		E94CBC032293AB7700AFF698 /* Profile */ = {
			isa = PBXGroup;
			children = (
				E94CBC0F2293AD2B00AFF698 /* ProfileTableViewController.swift */,
			);
			path = Profile;
			sourceTree = "<group>";
		};
		E94CBC042293AB7700AFF698 /* Main */ = {
			isa = PBXGroup;
			children = (
				E94ED9BA2297D00E00BD5A9E /* Resource */,
				E94CBC052293AB9700AFF698 /* MainViewController.swift */,
				E94ED9BF2297EF8600BD5A9E /* BaseTableViewController.swift */,
				E939EEC022A778A90086B052 /* VisitorView.swift */,
			);
			path = Main;
			sourceTree = "<group>";
		};
		E94ED9BA2297D00E00BD5A9E /* Resource */ = {
			isa = PBXGroup;
			children = (
				E94ED9BB2297D00E00BD5A9E /* MainVCSettings.json */,
				E94ED9BC2297D00E00BD5A9E /* NullViewController.swift */,
			);
			path = Resource;
			sourceTree = "<group>";
		};
		E9F1A60B22AFCF8D001E19E8 /* Popover */ = {
			isa = PBXGroup;
			children = (
				E9F1A60C22AFCFB3001E19E8 /* PopoverViewController.storyboard */,
				E9F1A60E22AFDC6A001E19E8 /* PopoverPresentationController.swift */,
			);
			path = Popover;
			sourceTree = "<group>";
		};
/* End PBXGroup section */

/* Begin PBXNativeTarget section */
		E94CBBCC2293A0A300AFF698 /* weibo */ = {
			isa = PBXNativeTarget;
			buildConfigurationList = E94CBBF52293A0A600AFF698 /* Build configuration list for PBXNativeTarget "weibo" */;
			buildPhases = (
				07EDEC8B478D887E22D68298 /* [CP] Check Pods Manifest.lock */,
				E94CBBC92293A0A300AFF698 /* Sources */,
				E94CBBCA2293A0A300AFF698 /* Frameworks */,
				E94CBBCB2293A0A300AFF698 /* Resources */,
			);
			buildRules = (
			);
			dependencies = (
			);
			name = weibo;
			productName = weibo;
			productReference = E94CBBCD2293A0A300AFF698 /* weibo.app */;
			productType = "com.apple.product-type.application";
		};
		E94CBBE02293A0A600AFF698 /* weiboTests */ = {
			isa = PBXNativeTarget;
			buildConfigurationList = E94CBBF82293A0A600AFF698 /* Build configuration list for PBXNativeTarget "weiboTests" */;
			buildPhases = (
				E94CBBDD2293A0A600AFF698 /* Sources */,
				E94CBBDE2293A0A600AFF698 /* Frameworks */,
				E94CBBDF2293A0A600AFF698 /* Resources */,
			);
			buildRules = (
			);
			dependencies = (
				E94CBBE32293A0A600AFF698 /* PBXTargetDependency */,
			);
			name = weiboTests;
			productName = weiboTests;
			productReference = E94CBBE12293A0A600AFF698 /* weiboTests.xctest */;
			productType = "com.apple.product-type.bundle.unit-test";
		};
		E94CBBEB2293A0A600AFF698 /* weiboUITests */ = {
			isa = PBXNativeTarget;
			buildConfigurationList = E94CBBFB2293A0A600AFF698 /* Build configuration list for PBXNativeTarget "weiboUITests" */;
			buildPhases = (
				E94CBBE82293A0A600AFF698 /* Sources */,
				E94CBBE92293A0A600AFF698 /* Frameworks */,
				E94CBBEA2293A0A600AFF698 /* Resources */,
			);
			buildRules = (
			);
			dependencies = (
				E94CBBEE2293A0A600AFF698 /* PBXTargetDependency */,
			);
			name = weiboUITests;
			productName = weiboUITests;
			productReference = E94CBBEC2293A0A600AFF698 /* weiboUITests.xctest */;
			productType = "com.apple.product-type.bundle.ui-testing";
		};
/* End PBXNativeTarget section */

/* Begin PBXProject section */
		E94CBBC52293A0A300AFF698 /* Project object */ = {
			isa = PBXProject;
			attributes = {
				LastSwiftUpdateCheck = 1010;
				LastUpgradeCheck = 1010;
				ORGANIZATIONNAME = wuliangzhi;
				TargetAttributes = {
					E94CBBCC2293A0A300AFF698 = {
						CreatedOnToolsVersion = 10.1;
					};
					E94CBBE02293A0A600AFF698 = {
						CreatedOnToolsVersion = 10.1;
						TestTargetID = E94CBBCC2293A0A300AFF698;
					};
					E94CBBEB2293A0A600AFF698 = {
						CreatedOnToolsVersion = 10.1;
						TestTargetID = E94CBBCC2293A0A300AFF698;
					};
				};
			};
			buildConfigurationList = E94CBBC82293A0A300AFF698 /* Build configuration list for PBXProject "weibo" */;
			compatibilityVersion = "Xcode 9.3";
			developmentRegion = en;
			hasScannedForEncodings = 0;
			knownRegions = (
				en,
				Base,
			);
			mainGroup = E94CBBC42293A0A300AFF698;
			productRefGroup = E94CBBCE2293A0A300AFF698 /* Products */;
			projectDirPath = "";
			projectRoot = "";
			targets = (
				E94CBBCC2293A0A300AFF698 /* weibo */,
				E94CBBE02293A0A600AFF698 /* weiboTests */,
				E94CBBEB2293A0A600AFF698 /* weiboUITests */,
			);
		};
/* End PBXProject section */

/* Begin PBXResourcesBuildPhase section */
		E94CBBCB2293A0A300AFF698 /* Resources */ = {
			isa = PBXResourcesBuildPhase;
			buildActionMask = 2147483647;
			files = (
				E94CBBDB2293A0A500AFF698 /* LaunchScreen.storyboard in Resources */,
				E94CBBD82293A0A500AFF698 /* Assets.xcassets in Resources */,
				E9F1A60D22AFCFB3001E19E8 /* PopoverViewController.storyboard in Resources */,
				E94ED9BD2297D00E00BD5A9E /* MainVCSettings.json in Resources */,
			);
			runOnlyForDeploymentPostprocessing = 0;
		};
		E94CBBDF2293A0A600AFF698 /* Resources */ = {
			isa = PBXResourcesBuildPhase;
			buildActionMask = 2147483647;
			files = (
			);
			runOnlyForDeploymentPostprocessing = 0;
		};
		E94CBBEA2293A0A600AFF698 /* Resources */ = {
			isa = PBXResourcesBuildPhase;
			buildActionMask = 2147483647;
			files = (
			);
			runOnlyForDeploymentPostprocessing = 0;
		};
/* End PBXResourcesBuildPhase section */

/* Begin PBXShellScriptBuildPhase section */
		07EDEC8B478D887E22D68298 /* [CP] Check Pods Manifest.lock */ = {
			isa = PBXShellScriptBuildPhase;
			buildActionMask = 2147483647;
			files = (
			);
			inputPaths = (
				"${PODS_PODFILE_DIR_PATH}/Podfile.lock",
				"${PODS_ROOT}/Manifest.lock",
			);
			name = "[CP] Check Pods Manifest.lock";
			outputPaths = (
				"$(DERIVED_FILE_DIR)/Pods-weibo-checkManifestLockResult.txt",
			);
			runOnlyForDeploymentPostprocessing = 0;
			shellPath = /bin/sh;
			shellScript = "diff \"${PODS_PODFILE_DIR_PATH}/Podfile.lock\" \"${PODS_ROOT}/Manifest.lock\" > /dev/null\nif [ $? != 0 ] ; then\n    # print error to STDERR\n    echo \"error: The sandbox is not in sync with the Podfile.lock. Run 'pod install' or update your CocoaPods installation.\" >&2\n    exit 1\nfi\n# This output is used by Xcode 'outputs' to avoid re-running this script phase.\necho \"SUCCESS\" > \"${SCRIPT_OUTPUT_FILE_0}\"\n";
			showEnvVarsInLog = 0;
		};
/* End PBXShellScriptBuildPhase section */

/* Begin PBXSourcesBuildPhase section */
		E94CBBC92293A0A300AFF698 /* Sources */ = {
			isa = PBXSourcesBuildPhase;
			buildActionMask = 2147483647;
			files = (
				E94CBC082293AC8F00AFF698 /* HomeTableViewController.swift in Sources */,
				E94CBC062293AB9700AFF698 /* MainViewController.swift in Sources */,
				E94ED9C02297EF8600BD5A9E /* BaseTableViewController.swift in Sources */,
				E94CBC0A2293ACDA00AFF698 /* DiscoverTableViewController.swift in Sources */,
				E9BE8AF822AA5D9700E8983D /* TitleButton.swift in Sources */,
				E9F1A60F22AFDC6A001E19E8 /* PopoverPresentationController.swift in Sources */,
				E94ED9BE2297D00E00BD5A9E /* NullViewController.swift in Sources */,
				E94CBC0C2293AD1200AFF698 /* MessageTableViewController.swift in Sources */,
				E94CBBD12293A0A300AFF698 /* AppDelegate.swift in Sources */,
				E939EEC122A778A90086B052 /* VisitorView.swift in Sources */,
				E9BE8AF622AA565500E8983D /* UIBarButtonItem+category.swift in Sources */,
				E94CBC102293AD2B00AFF698 /* ProfileTableViewController.swift in Sources */,
			);
			runOnlyForDeploymentPostprocessing = 0;
		};
		E94CBBDD2293A0A600AFF698 /* Sources */ = {
			isa = PBXSourcesBuildPhase;
			buildActionMask = 2147483647;
			files = (
				E94CBBE62293A0A600AFF698 /* weiboTests.swift in Sources */,
			);
			runOnlyForDeploymentPostprocessing = 0;
		};
		E94CBBE82293A0A600AFF698 /* Sources */ = {
			isa = PBXSourcesBuildPhase;
			buildActionMask = 2147483647;
			files = (
				E94CBBF12293A0A600AFF698 /* weiboUITests.swift in Sources */,
			);
			runOnlyForDeploymentPostprocessing = 0;
		};
/* End PBXSourcesBuildPhase section */

/* Begin PBXTargetDependency section */
		E94CBBE32293A0A600AFF698 /* PBXTargetDependency */ = {
			isa = PBXTargetDependency;
			target = E94CBBCC2293A0A300AFF698 /* weibo */;
			targetProxy = E94CBBE22293A0A600AFF698 /* PBXContainerItemProxy */;
		};
		E94CBBEE2293A0A600AFF698 /* PBXTargetDependency */ = {
			isa = PBXTargetDependency;
			target = E94CBBCC2293A0A300AFF698 /* weibo */;
			targetProxy = E94CBBED2293A0A600AFF698 /* PBXContainerItemProxy */;
		};
/* End PBXTargetDependency section */

/* Begin PBXVariantGroup section */
		E94CBBD92293A0A500AFF698 /* LaunchScreen.storyboard */ = {
			isa = PBXVariantGroup;
			children = (
				E94CBBDA2293A0A500AFF698 /* Base */,
			);
			name = LaunchScreen.storyboard;
			sourceTree = "<group>";
		};
/* End PBXVariantGroup section */

/* Begin XCBuildConfiguration section */
		E94CBBF32293A0A600AFF698 /* Debug */ = {
			isa = XCBuildConfiguration;
			buildSettings = {
				ALWAYS_SEARCH_USER_PATHS = NO;
				CLANG_ANALYZER_NONNULL = YES;
				CLANG_ANALYZER_NUMBER_OBJECT_CONVERSION = YES_AGGRESSIVE;
				CLANG_CXX_LANGUAGE_STANDARD = "gnu++14";
				CLANG_CXX_LIBRARY = "libc++";
				CLANG_ENABLE_MODULES = YES;
				CLANG_ENABLE_OBJC_ARC = YES;
				CLANG_ENABLE_OBJC_WEAK = YES;
				CLANG_WARN_BLOCK_CAPTURE_AUTORELEASING = YES;
				CLANG_WARN_BOOL_CONVERSION = YES;
				CLANG_WARN_COMMA = YES;
				CLANG_WARN_CONSTANT_CONVERSION = YES;
				CLANG_WARN_DEPRECATED_OBJC_IMPLEMENTATIONS = YES;
				CLANG_WARN_DIRECT_OBJC_ISA_USAGE = YES_ERROR;
				CLANG_WARN_DOCUMENTATION_COMMENTS = YES;
				CLANG_WARN_EMPTY_BODY = YES;
				CLANG_WARN_ENUM_CONVERSION = YES;
				CLANG_WARN_INFINITE_RECURSION = YES;
				CLANG_WARN_INT_CONVERSION = YES;
				CLANG_WARN_NON_LITERAL_NULL_CONVERSION = YES;
				CLANG_WARN_OBJC_IMPLICIT_RETAIN_SELF = YES;
				CLANG_WARN_OBJC_LITERAL_CONVERSION = YES;
				CLANG_WARN_OBJC_ROOT_CLASS = YES_ERROR;
				CLANG_WARN_RANGE_LOOP_ANALYSIS = YES;
				CLANG_WARN_STRICT_PROTOTYPES = YES;
				CLANG_WARN_SUSPICIOUS_MOVE = YES;
				CLANG_WARN_UNGUARDED_AVAILABILITY = YES_AGGRESSIVE;
				CLANG_WARN_UNREACHABLE_CODE = YES;
				CLANG_WARN__DUPLICATE_METHOD_MATCH = YES;
				CODE_SIGN_IDENTITY = "iPhone Developer";
				COPY_PHASE_STRIP = NO;
				DEBUG_INFORMATION_FORMAT = dwarf;
				ENABLE_STRICT_OBJC_MSGSEND = YES;
				ENABLE_TESTABILITY = YES;
				GCC_C_LANGUAGE_STANDARD = gnu11;
				GCC_DYNAMIC_NO_PIC = NO;
				GCC_NO_COMMON_BLOCKS = YES;
				GCC_OPTIMIZATION_LEVEL = 0;
				GCC_PREPROCESSOR_DEFINITIONS = (
					"DEBUG=1",
					"$(inherited)",
				);
				GCC_WARN_64_TO_32_BIT_CONVERSION = YES;
				GCC_WARN_ABOUT_RETURN_TYPE = YES_ERROR;
				GCC_WARN_UNDECLARED_SELECTOR = YES;
				GCC_WARN_UNINITIALIZED_AUTOS = YES_AGGRESSIVE;
				GCC_WARN_UNUSED_FUNCTION = YES;
				GCC_WARN_UNUSED_VARIABLE = YES;
				IPHONEOS_DEPLOYMENT_TARGET = 12.1;
				MTL_ENABLE_DEBUG_INFO = INCLUDE_SOURCE;
				MTL_FAST_MATH = YES;
				ONLY_ACTIVE_ARCH = YES;
				SDKROOT = iphoneos;
				SWIFT_ACTIVE_COMPILATION_CONDITIONS = DEBUG;
				SWIFT_OPTIMIZATION_LEVEL = "-Onone";
			};
			name = Debug;
		};
		E94CBBF42293A0A600AFF698 /* Release */ = {
			isa = XCBuildConfiguration;
			buildSettings = {
				ALWAYS_SEARCH_USER_PATHS = NO;
				CLANG_ANALYZER_NONNULL = YES;
				CLANG_ANALYZER_NUMBER_OBJECT_CONVERSION = YES_AGGRESSIVE;
				CLANG_CXX_LANGUAGE_STANDARD = "gnu++14";
				CLANG_CXX_LIBRARY = "libc++";
				CLANG_ENABLE_MODULES = YES;
				CLANG_ENABLE_OBJC_ARC = YES;
				CLANG_ENABLE_OBJC_WEAK = YES;
				CLANG_WARN_BLOCK_CAPTURE_AUTORELEASING = YES;
				CLANG_WARN_BOOL_CONVERSION = YES;
				CLANG_WARN_COMMA = YES;
				CLANG_WARN_CONSTANT_CONVERSION = YES;
				CLANG_WARN_DEPRECATED_OBJC_IMPLEMENTATIONS = YES;
				CLANG_WARN_DIRECT_OBJC_ISA_USAGE = YES_ERROR;
				CLANG_WARN_DOCUMENTATION_COMMENTS = YES;
				CLANG_WARN_EMPTY_BODY = YES;
				CLANG_WARN_ENUM_CONVERSION = YES;
				CLANG_WARN_INFINITE_RECURSION = YES;
				CLANG_WARN_INT_CONVERSION = YES;
				CLANG_WARN_NON_LITERAL_NULL_CONVERSION = YES;
				CLANG_WARN_OBJC_IMPLICIT_RETAIN_SELF = YES;
				CLANG_WARN_OBJC_LITERAL_CONVERSION = YES;
				CLANG_WARN_OBJC_ROOT_CLASS = YES_ERROR;
				CLANG_WARN_RANGE_LOOP_ANALYSIS = YES;
				CLANG_WARN_STRICT_PROTOTYPES = YES;
				CLANG_WARN_SUSPICIOUS_MOVE = YES;
				CLANG_WARN_UNGUARDED_AVAILABILITY = YES_AGGRESSIVE;
				CLANG_WARN_UNREACHABLE_CODE = YES;
				CLANG_WARN__DUPLICATE_METHOD_MATCH = YES;
				CODE_SIGN_IDENTITY = "iPhone Developer";
				COPY_PHASE_STRIP = NO;
				DEBUG_INFORMATION_FORMAT = "dwarf-with-dsym";
				ENABLE_NS_ASSERTIONS = NO;
				ENABLE_STRICT_OBJC_MSGSEND = YES;
				GCC_C_LANGUAGE_STANDARD = gnu11;
				GCC_NO_COMMON_BLOCKS = YES;
				GCC_WARN_64_TO_32_BIT_CONVERSION = YES;
				GCC_WARN_ABOUT_RETURN_TYPE = YES_ERROR;
				GCC_WARN_UNDECLARED_SELECTOR = YES;
				GCC_WARN_UNINITIALIZED_AUTOS = YES_AGGRESSIVE;
				GCC_WARN_UNUSED_FUNCTION = YES;
				GCC_WARN_UNUSED_VARIABLE = YES;
				IPHONEOS_DEPLOYMENT_TARGET = 12.1;
				MTL_ENABLE_DEBUG_INFO = NO;
				MTL_FAST_MATH = YES;
				SDKROOT = iphoneos;
				SWIFT_COMPILATION_MODE = wholemodule;
				SWIFT_OPTIMIZATION_LEVEL = "-O";
				VALIDATE_PRODUCT = YES;
			};
			name = Release;
		};
		E94CBBF62293A0A600AFF698 /* Debug */ = {
			isa = XCBuildConfiguration;
			baseConfigurationReference = 3EDFF794C8551B15F815E2B0 /* Pods-weibo.debug.xcconfig */;
			buildSettings = {
				ASSETCATALOG_COMPILER_APPICON_NAME = AppIcon;
				CODE_SIGN_STYLE = Automatic;
				DEVELOPMENT_TEAM = NEF2S72ZUS;
				GCC_PREFIX_HEADER = "$(SRCROOT)/weibo/PrefixHeader.pch";
				INFOPLIST_FILE = weibo/Info.plist;
				IPHONEOS_DEPLOYMENT_TARGET = 8.0;
				LD_RUNPATH_SEARCH_PATHS = (
					"$(inherited)",
					"@executable_path/Frameworks",
				);
				PRODUCT_BUNDLE_IDENTIFIER = com.private.weibo;
				PRODUCT_NAME = "$(TARGET_NAME)";
				SWIFT_VERSION = 4.2;
				TARGETED_DEVICE_FAMILY = "1,2";
			};
			name = Debug;
		};
		E94CBBF72293A0A600AFF698 /* Release */ = {
			isa = XCBuildConfiguration;
			baseConfigurationReference = D9AD9811361071BA717B35F3 /* Pods-weibo.release.xcconfig */;
			buildSettings = {
				ASSETCATALOG_COMPILER_APPICON_NAME = AppIcon;
				CODE_SIGN_STYLE = Automatic;
				DEVELOPMENT_TEAM = NEF2S72ZUS;
				GCC_PREFIX_HEADER = "$(SRCROOT)/weibo/PrefixHeader.pch";
				INFOPLIST_FILE = weibo/Info.plist;
				IPHONEOS_DEPLOYMENT_TARGET = 8.0;
				LD_RUNPATH_SEARCH_PATHS = (
					"$(inherited)",
					"@executable_path/Frameworks",
				);
				PRODUCT_BUNDLE_IDENTIFIER = com.private.weibo;
				PRODUCT_NAME = "$(TARGET_NAME)";
				SWIFT_VERSION = 4.2;
				TARGETED_DEVICE_FAMILY = "1,2";
			};
			name = Release;
		};
		E94CBBF92293A0A600AFF698 /* Debug */ = {
			isa = XCBuildConfiguration;
			buildSettings = {
				ALWAYS_EMBED_SWIFT_STANDARD_LIBRARIES = YES;
				BUNDLE_LOADER = "$(TEST_HOST)";
				CODE_SIGN_STYLE = Automatic;
				INFOPLIST_FILE = weiboTests/Info.plist;
				LD_RUNPATH_SEARCH_PATHS = (
					"$(inherited)",
					"@executable_path/Frameworks",
					"@loader_path/Frameworks",
				);
				PRODUCT_BUNDLE_IDENTIFIER = com.private.weiboTests;
				PRODUCT_NAME = "$(TARGET_NAME)";
				SWIFT_VERSION = 4.2;
				TARGETED_DEVICE_FAMILY = "1,2";
				TEST_HOST = "$(BUILT_PRODUCTS_DIR)/weibo.app/weibo";
			};
			name = Debug;
		};
		E94CBBFA2293A0A600AFF698 /* Release */ = {
			isa = XCBuildConfiguration;
			buildSettings = {
				ALWAYS_EMBED_SWIFT_STANDARD_LIBRARIES = YES;
				BUNDLE_LOADER = "$(TEST_HOST)";
				CODE_SIGN_STYLE = Automatic;
				INFOPLIST_FILE = weiboTests/Info.plist;
				LD_RUNPATH_SEARCH_PATHS = (
					"$(inherited)",
					"@executable_path/Frameworks",
					"@loader_path/Frameworks",
				);
				PRODUCT_BUNDLE_IDENTIFIER = com.private.weiboTests;
				PRODUCT_NAME = "$(TARGET_NAME)";
				SWIFT_VERSION = 4.2;
				TARGETED_DEVICE_FAMILY = "1,2";
				TEST_HOST = "$(BUILT_PRODUCTS_DIR)/weibo.app/weibo";
			};
			name = Release;
		};
		E94CBBFC2293A0A600AFF698 /* Debug */ = {
			isa = XCBuildConfiguration;
			buildSettings = {
				ALWAYS_EMBED_SWIFT_STANDARD_LIBRARIES = YES;
				CODE_SIGN_STYLE = Automatic;
				INFOPLIST_FILE = weiboUITests/Info.plist;
				LD_RUNPATH_SEARCH_PATHS = (
					"$(inherited)",
					"@executable_path/Frameworks",
					"@loader_path/Frameworks",
				);
				PRODUCT_BUNDLE_IDENTIFIER = com.private.weiboUITests;
				PRODUCT_NAME = "$(TARGET_NAME)";
				SWIFT_VERSION = 4.2;
				TARGETED_DEVICE_FAMILY = "1,2";
				TEST_TARGET_NAME = weibo;
			};
			name = Debug;
		};
		E94CBBFD2293A0A600AFF698 /* Release */ = {
			isa = XCBuildConfiguration;
			buildSettings = {
				ALWAYS_EMBED_SWIFT_STANDARD_LIBRARIES = YES;
				CODE_SIGN_STYLE = Automatic;
				INFOPLIST_FILE = weiboUITests/Info.plist;
				LD_RUNPATH_SEARCH_PATHS = (
					"$(inherited)",
					"@executable_path/Frameworks",
					"@loader_path/Frameworks",
				);
				PRODUCT_BUNDLE_IDENTIFIER = com.private.weiboUITests;
				PRODUCT_NAME = "$(TARGET_NAME)";
				SWIFT_VERSION = 4.2;
				TARGETED_DEVICE_FAMILY = "1,2";
				TEST_TARGET_NAME = weibo;
			};
			name = Release;
		};
/* End XCBuildConfiguration section */

/* Begin XCConfigurationList section */
		E94CBBC82293A0A300AFF698 /* Build configuration list for PBXProject "weibo" */ = {
			isa = XCConfigurationList;
			buildConfigurations = (
				E94CBBF32293A0A600AFF698 /* Debug */,
				E94CBBF42293A0A600AFF698 /* Release */,
			);
			defaultConfigurationIsVisible = 0;
			defaultConfigurationName = Release;
		};
		E94CBBF52293A0A600AFF698 /* Build configuration list for PBXNativeTarget "weibo" */ = {
			isa = XCConfigurationList;
			buildConfigurations = (
				E94CBBF62293A0A600AFF698 /* Debug */,
				E94CBBF72293A0A600AFF698 /* Release */,
			);
			defaultConfigurationIsVisible = 0;
			defaultConfigurationName = Release;
		};
		E94CBBF82293A0A600AFF698 /* Build configuration list for PBXNativeTarget "weiboTests" */ = {
			isa = XCConfigurationList;
			buildConfigurations = (
				E94CBBF92293A0A600AFF698 /* Debug */,
				E94CBBFA2293A0A600AFF698 /* Release */,
			);
			defaultConfigurationIsVisible = 0;
			defaultConfigurationName = Release;
		};
		E94CBBFB2293A0A600AFF698 /* Build configuration list for PBXNativeTarget "weiboUITests" */ = {
			isa = XCConfigurationList;
			buildConfigurations = (
				E94CBBFC2293A0A600AFF698 /* Debug */,
				E94CBBFD2293A0A600AFF698 /* Release */,
			);
			defaultConfigurationIsVisible = 0;
			defaultConfigurationName = Release;
		};
/* End XCConfigurationList section */
	};
	rootObject = E94CBBC52293A0A300AFF698 /* Project object */;
}
